// !$*UTF8*$!
{
	archiveVersion = 1;
	classes = {
	};
	objectVersion = 46;
	objects = {

/* Begin PBXBuildFile section */
		F88A68361DB8E58200FACBDC /* AuthorizeViewController.swift in Sources */ = {isa = PBXBuildFile; fileRef = F88A68351DB8E58200FACBDC /* AuthorizeViewController.swift */; };
		F88A68381DB9288E00FACBDC /* ligands.txt in Resources */ = {isa = PBXBuildFile; fileRef = F88A68371DB9288E00FACBDC /* ligands.txt */; };
		F88A683A1DB92E2100FACBDC /* Assets.xcassets in Resources */ = {isa = PBXBuildFile; fileRef = F88A68391DB92E2100FACBDC /* Assets.xcassets */; };
		F89294981DB76BFC0045FFE8 /* AppDelegate.swift in Sources */ = {isa = PBXBuildFile; fileRef = F89294971DB76BFC0045FFE8 /* AppDelegate.swift */; };
		F892949A1DB76BFC0045FFE8 /* ViewController.swift in Sources */ = {isa = PBXBuildFile; fileRef = F89294991DB76BFC0045FFE8 /* ViewController.swift */; };
		F892949D1DB76BFC0045FFE8 /* Main.storyboard in Resources */ = {isa = PBXBuildFile; fileRef = F892949B1DB76BFC0045FFE8 /* Main.storyboard */; };
		F89294A21DB76BFC0045FFE8 /* LaunchScreen.storyboard in Resources */ = {isa = PBXBuildFile; fileRef = F89294A01DB76BFC0045FFE8 /* LaunchScreen.storyboard */; };
		F89294AA1DB776640045FFE8 /* CustomCell.swift in Sources */ = {isa = PBXBuildFile; fileRef = F89294A91DB776640045FFE8 /* CustomCell.swift */; };
		F89294AE1DB79D410045FFE8 /* SceneKit.framework in Frameworks */ = {isa = PBXBuildFile; fileRef = F89294AD1DB79D410045FFE8 /* SceneKit.framework */; };
		F89294B01DB79D9F0045FFE8 /* SndViewController.swift in Sources */ = {isa = PBXBuildFile; fileRef = F89294AF1DB79D9F0045FFE8 /* SndViewController.swift */; };
		F89294B21DB79F180045FFE8 /* PrimitivesScene.swift in Sources */ = {isa = PBXBuildFile; fileRef = F89294B11DB79F180045FFE8 /* PrimitivesScene.swift */; };
/* End PBXBuildFile section */

/* Begin PBXFileReference section */
		F88A68351DB8E58200FACBDC /* AuthorizeViewController.swift */ = {isa = PBXFileReference; fileEncoding = 4; lastKnownFileType = sourcecode.swift; path = AuthorizeViewController.swift; sourceTree = "<group>"; };
		F88A68371DB9288E00FACBDC /* ligands.txt */ = {isa = PBXFileReference; fileEncoding = 4; lastKnownFileType = text; path = ligands.txt; sourceTree = "<group>"; };
		F88A68391DB92E2100FACBDC /* Assets.xcassets */ = {isa = PBXFileReference; lastKnownFileType = folder.assetcatalog; path = Assets.xcassets; sourceTree = "<group>"; };
		F89294941DB76BFC0045FFE8 /* swift proteins.app */ = {isa = PBXFileReference; explicitFileType = wrapper.application; includeInIndex = 0; path = "swift proteins.app"; sourceTree = BUILT_PRODUCTS_DIR; };
		F89294971DB76BFC0045FFE8 /* AppDelegate.swift */ = {isa = PBXFileReference; lastKnownFileType = sourcecode.swift; path = AppDelegate.swift; sourceTree = "<group>"; };
		F89294991DB76BFC0045FFE8 /* ViewController.swift */ = {isa = PBXFileReference; lastKnownFileType = sourcecode.swift; path = ViewController.swift; sourceTree = "<group>"; };
		F892949C1DB76BFC0045FFE8 /* Base */ = {isa = PBXFileReference; lastKnownFileType = file.storyboard; name = Base; path = Base.lproj/Main.storyboard; sourceTree = "<group>"; };
		F89294A11DB76BFC0045FFE8 /* Base */ = {isa = PBXFileReference; lastKnownFileType = file.storyboard; name = Base; path = Base.lproj/LaunchScreen.storyboard; sourceTree = "<group>"; };
		F89294A31DB76BFC0045FFE8 /* Info.plist */ = {isa = PBXFileReference; lastKnownFileType = text.plist.xml; path = Info.plist; sourceTree = "<group>"; };
		F89294A91DB776640045FFE8 /* CustomCell.swift */ = {isa = PBXFileReference; fileEncoding = 4; lastKnownFileType = sourcecode.swift; path = CustomCell.swift; sourceTree = "<group>"; };
		F89294AD1DB79D410045FFE8 /* SceneKit.framework */ = {isa = PBXFileReference; lastKnownFileType = wrapper.framework; name = SceneKit.framework; path = System/Library/Frameworks/SceneKit.framework; sourceTree = SDKROOT; };
		F89294AF1DB79D9F0045FFE8 /* SndViewController.swift */ = {isa = PBXFileReference; fileEncoding = 4; lastKnownFileType = sourcecode.swift; name = SndViewController.swift; path = ../SndViewController.swift; sourceTree = "<group>"; };
		F89294B11DB79F180045FFE8 /* PrimitivesScene.swift */ = {isa = PBXFileReference; fileEncoding = 4; lastKnownFileType = sourcecode.swift; path = PrimitivesScene.swift; sourceTree = "<group>"; };
/* End PBXFileReference section */

/* Begin PBXFrameworksBuildPhase section */
		F89294911DB76BFC0045FFE8 /* Frameworks */ = {
			isa = PBXFrameworksBuildPhase;
			buildActionMask = 2147483647;
			files = (
				F89294AE1DB79D410045FFE8 /* SceneKit.framework in Frameworks */,
			);
			runOnlyForDeploymentPostprocessing = 0;
		};
/* End PBXFrameworksBuildPhase section */

/* Begin PBXGroup section */
		F892948B1DB76BFC0045FFE8 = {
			isa = PBXGroup;
			children = (
				F89294AD1DB79D410045FFE8 /* SceneKit.framework */,
				F89294961DB76BFC0045FFE8 /* swift proteins */,
				F89294951DB76BFC0045FFE8 /* Products */,
			);
			sourceTree = "<group>";
		};
		F89294951DB76BFC0045FFE8 /* Products */ = {
			isa = PBXGroup;
			children = (
				F89294941DB76BFC0045FFE8 /* swift proteins.app */,
			);
			name = Products;
			sourceTree = "<group>";
		};
		F89294961DB76BFC0045FFE8 /* swift proteins */ = {
			isa = PBXGroup;
			children = (
				F89294971DB76BFC0045FFE8 /* AppDelegate.swift */,
				F88A68351DB8E58200FACBDC /* AuthorizeViewController.swift */,
				F89294991DB76BFC0045FFE8 /* ViewController.swift */,
				F89294AF1DB79D9F0045FFE8 /* SndViewController.swift */,
				F89294B11DB79F180045FFE8 /* PrimitivesScene.swift */,
				F892949B1DB76BFC0045FFE8 /* Main.storyboard */,
				F89294A91DB776640045FFE8 /* CustomCell.swift */,
				F88A68371DB9288E00FACBDC /* ligands.txt */,
				F89294A01DB76BFC0045FFE8 /* LaunchScreen.storyboard */,
				F88A68391DB92E2100FACBDC /* Assets.xcassets */,
				F89294A31DB76BFC0045FFE8 /* Info.plist */,
			);
			path = "swift proteins";
			sourceTree = "<group>";
		};
/* End PBXGroup section */

/* Begin PBXNativeTarget section */
		F89294931DB76BFC0045FFE8 /* swift proteins */ = {
			isa = PBXNativeTarget;
			buildConfigurationList = F89294A61DB76BFC0045FFE8 /* Build configuration list for PBXNativeTarget "swift proteins" */;
			buildPhases = (
				F89294901DB76BFC0045FFE8 /* Sources */,
				F89294911DB76BFC0045FFE8 /* Frameworks */,
				F89294921DB76BFC0045FFE8 /* Resources */,
			);
			buildRules = (
			);
			dependencies = (
			);
			name = "swift proteins";
			productName = "swift proteins";
			productReference = F89294941DB76BFC0045FFE8 /* swift proteins.app */;
			productType = "com.apple.product-type.application";
		};
/* End PBXNativeTarget section */

/* Begin PBXProject section */
		F892948C1DB76BFC0045FFE8 /* Project object */ = {
			isa = PBXProject;
			attributes = {
				LastSwiftUpdateCheck = 0730;
				LastUpgradeCheck = 0730;
				ORGANIZATIONNAME = "Melvin MOUSTAID";
				TargetAttributes = {
					F89294931DB76BFC0045FFE8 = {
						CreatedOnToolsVersion = 7.3.1;
					};
				};
			};
			buildConfigurationList = F892948F1DB76BFC0045FFE8 /* Build configuration list for PBXProject "swift proteins" */;
			compatibilityVersion = "Xcode 3.2";
			developmentRegion = English;
			hasScannedForEncodings = 0;
			knownRegions = (
				en,
				Base,
			);
			mainGroup = F892948B1DB76BFC0045FFE8;
			productRefGroup = F89294951DB76BFC0045FFE8 /* Products */;
			projectDirPath = "";
			projectRoot = "";
			targets = (
				F89294931DB76BFC0045FFE8 /* swift proteins */,
			);
		};
/* End PBXProject section */

/* Begin PBXResourcesBuildPhase section */
		F89294921DB76BFC0045FFE8 /* Resources */ = {
			isa = PBXResourcesBuildPhase;
			buildActionMask = 2147483647;
			files = (
				F89294A21DB76BFC0045FFE8 /* LaunchScreen.storyboard in Resources */,
				F892949D1DB76BFC0045FFE8 /* Main.storyboard in Resources */,
				F88A683A1DB92E2100FACBDC /* Assets.xcassets in Resources */,
				F88A68381DB9288E00FACBDC /* ligands.txt in Resources */,
			);
			runOnlyForDeploymentPostprocessing = 0;
		};
/* End PBXResourcesBuildPhase section */

/* Begin PBXSourcesBuildPhase section */
		F89294901DB76BFC0045FFE8 /* Sources */ = {
			isa = PBXSourcesBuildPhase;
			buildActionMask = 2147483647;
			files = (
				F892949A1DB76BFC0045FFE8 /* ViewController.swift in Sources */,
				F89294B21DB79F180045FFE8 /* PrimitivesScene.swift in Sources */,
				F88A68361DB8E58200FACBDC /* AuthorizeViewController.swift in Sources */,
				F89294AA1DB776640045FFE8 /* CustomCell.swift in Sources */,
				F89294B01DB79D9F0045FFE8 /* SndViewController.swift in Sources */,
				F89294981DB76BFC0045FFE8 /* AppDelegate.swift in Sources */,
			);
			runOnlyForDeploymentPostprocessing = 0;
		};
/* End PBXSourcesBuildPhase section */

/* Begin PBXVariantGroup section */
		F892949B1DB76BFC0045FFE8 /* Main.storyboard */ = {
			isa = PBXVariantGroup;
			children = (
				F892949C1DB76BFC0045FFE8 /* Base */,
			);
			name = Main.storyboard;
			sourceTree = "<group>";
		};
		F89294A01DB76BFC0045FFE8 /* LaunchScreen.storyboard */ = {
			isa = PBXVariantGroup;
			children = (
				F89294A11DB76BFC0045FFE8 /* Base */,
			);
			name = LaunchScreen.storyboard;
			sourceTree = "<group>";
		};
/* End PBXVariantGroup section */

/* Begin XCBuildConfiguration section */
		F89294A41DB76BFC0045FFE8 /* Debug */ = {
			isa = XCBuildConfiguration;
			buildSettings = {
				ALWAYS_SEARCH_USER_PATHS = NO;
				CLANG_ANALYZER_NONNULL = YES;
				CLANG_CXX_LANGUAGE_STANDARD = "gnu++0x";
				CLANG_CXX_LIBRARY = "libc++";
				CLANG_ENABLE_MODULES = YES;
				CLANG_ENABLE_OBJC_ARC = YES;
				CLANG_WARN_BOOL_CONVERSION = YES;
				CLANG_WARN_CONSTANT_CONVERSION = YES;
				CLANG_WARN_DIRECT_OBJC_ISA_USAGE = YES_ERROR;
				CLANG_WARN_EMPTY_BODY = YES;
				CLANG_WARN_ENUM_CONVERSION = YES;
				CLANG_WARN_INT_CONVERSION = YES;
				CLANG_WARN_OBJC_ROOT_CLASS = YES_ERROR;
				CLANG_WARN_UNREACHABLE_CODE = YES;
				CLANG_WARN__DUPLICATE_METHOD_MATCH = YES;
				"CODE_SIGN_IDENTITY[sdk=iphoneos*]" = "iPhone Developer";
				COPY_PHASE_STRIP = NO;
				DEBUG_INFORMATION_FORMAT = dwarf;
				ENABLE_STRICT_OBJC_MSGSEND = YES;
				ENABLE_TESTABILITY = YES;
				GCC_C_LANGUAGE_STANDARD = gnu99;
				GCC_DYNAMIC_NO_PIC = NO;
				GCC_NO_COMMON_BLOCKS = YES;
				GCC_OPTIMIZATION_LEVEL = 0;
				GCC_PREPROCESSOR_DEFINITIONS = (
					"DEBUG=1",
					"$(inherited)",
				);
				GCC_WARN_64_TO_32_BIT_CONVERSION = YES;
				GCC_WARN_ABOUT_RETURN_TYPE = YES_ERROR;
				GCC_WARN_UNDECLARED_SELECTOR = YES;
				GCC_WARN_UNINITIALIZED_AUTOS = YES_AGGRESSIVE;
				GCC_WARN_UNUSED_FUNCTION = YES;
				GCC_WARN_UNUSED_VARIABLE = YES;
				IPHONEOS_DEPLOYMENT_TARGET = 9.3;
				MTL_ENABLE_DEBUG_INFO = YES;
				ONLY_ACTIVE_ARCH = YES;
				SDKROOT = iphoneos;
				SWIFT_OPTIMIZATION_LEVEL = "-Onone";
				TARGETED_DEVICE_FAMILY = "1,2";
			};
			name = Debug;
		};
		F89294A51DB76BFC0045FFE8 /* Release */ = {
			isa = XCBuildConfiguration;
			buildSettings = {
				ALWAYS_SEARCH_USER_PATHS = NO;
				CLANG_ANALYZER_NONNULL = YES;
				CLANG_CXX_LANGUAGE_STANDARD = "gnu++0x";
				CLANG_CXX_LIBRARY = "libc++";
				CLANG_ENABLE_MODULES = YES;
				CLANG_ENABLE_OBJC_ARC = YES;
				CLANG_WARN_BOOL_CONVERSION = YES;
				CLANG_WARN_CONSTANT_CONVERSION = YES;
				CLANG_WARN_DIRECT_OBJC_ISA_USAGE = YES_ERROR;
				CLANG_WARN_EMPTY_BODY = YES;
				CLANG_WARN_ENUM_CONVERSION = YES;
				CLANG_WARN_INT_CONVERSION = YES;
				CLANG_WARN_OBJC_ROOT_CLASS = YES_ERROR;
				CLANG_WARN_UNREACHABLE_CODE = YES;
				CLANG_WARN__DUPLICATE_METHOD_MATCH = YES;
				"CODE_SIGN_IDENTITY[sdk=iphoneos*]" = "iPhone Developer";
				COPY_PHASE_STRIP = NO;
				DEBUG_INFORMATION_FORMAT = "dwarf-with-dsym";
				ENABLE_NS_ASSERTIONS = NO;
				ENABLE_STRICT_OBJC_MSGSEND = YES;
				GCC_C_LANGUAGE_STANDARD = gnu99;
				GCC_NO_COMMON_BLOCKS = YES;
				GCC_WARN_64_TO_32_BIT_CONVERSION = YES;
				GCC_WARN_ABOUT_RETURN_TYPE = YES_ERROR;
				GCC_WARN_UNDECLARED_SELECTOR = YES;
				GCC_WARN_UNINITIALIZED_AUTOS = YES_AGGRESSIVE;
				GCC_WARN_UNUSED_FUNCTION = YES;
				GCC_WARN_UNUSED_VARIABLE = YES;
				IPHONEOS_DEPLOYMENT_TARGET = 9.3;
				MTL_ENABLE_DEBUG_INFO = NO;
				SDKROOT = iphoneos;
				TARGETED_DEVICE_FAMILY = "1,2";
				VALIDATE_PRODUCT = YES;
			};
			name = Release;
		};
		F89294A71DB76BFC0045FFE8 /* Debug */ = {
			isa = XCBuildConfiguration;
			buildSettings = {
				ASSETCATALOG_COMPILER_APPICON_NAME = AppIcon;
				INFOPLIST_FILE = "swift proteins/Info.plist";
				LD_RUNPATH_SEARCH_PATHS = "$(inherited) @executable_path/Frameworks";
				PRODUCT_BUNDLE_IDENTIFIER = "mmoustai.swift-proteins";
				PRODUCT_NAME = "$(TARGET_NAME)";
			};
			name = Debug;
		};
		F89294A81DB76BFC0045FFE8 /* Release */ = {
			isa = XCBuildConfiguration;
			buildSettings = {
				ASSETCATALOG_COMPILER_APPICON_NAME = AppIcon;
				INFOPLIST_FILE = "swift proteins/Info.plist";
				LD_RUNPATH_SEARCH_PATHS = "$(inherited) @executable_path/Frameworks";
				PRODUCT_BUNDLE_IDENTIFIER = "mmoustai.swift-proteins";
				PRODUCT_NAME = "$(TARGET_NAME)";
			};
			name = Release;
		};
/* End XCBuildConfiguration section */

/* Begin XCConfigurationList section */
		F892948F1DB76BFC0045FFE8 /* Build configuration list for PBXProject "swift proteins" */ = {
			isa = XCConfigurationList;
			buildConfigurations = (
				F89294A41DB76BFC0045FFE8 /* Debug */,
				F89294A51DB76BFC0045FFE8 /* Release */,
			);
			defaultConfigurationIsVisible = 0;
			defaultConfigurationName = Release;
		};
		F89294A61DB76BFC0045FFE8 /* Build configuration list for PBXNativeTarget "swift proteins" */ = {
			isa = XCConfigurationList;
			buildConfigurations = (
				F89294A71DB76BFC0045FFE8 /* Debug */,
				F89294A81DB76BFC0045FFE8 /* Release */,
			);
			defaultConfigurationIsVisible = 0;
			defaultConfigurationName = Release;
		};
/* End XCConfigurationList section */
	};
	rootObject = F892948C1DB76BFC0045FFE8 /* Project object */;
}
